
Microsoft Visual Studio Solution File, Format Version 12.00
# Visual Studio Version 16
VisualStudioVersion = 16.0.29519.181
MinimumVisualStudioVersion = 10.0.40219.1
Project("{FAE04EC0-301F-11D3-BF4B-00C04F79EFBC}") = "Compro", "Compro\Compro.csproj", "{82487A2C-ADE1-4FDB-A204-2931560A8CC1}"
EndProject
Project("{FAE04EC0-301F-11D3-BF4B-00C04F79EFBC}") = "Compro.Tests", "Compro.Tests\Compro.Tests.csproj", "{5642531E-1DF4-48FA-957D-2CF6B2C01A56}"
EndProject
Global
	GlobalSection(SolutionConfigurationPlatforms) = preSolution
		Debug|Any CPU = Debug|Any CPU
		Release|Any CPU = Release|Any CPU
	EndGlobalSection
	GlobalSection(ProjectConfigurationPlatforms) = postSolution
		{82487A2C-ADE1-4FDB-A204-2931560A8CC1}.Debug|Any CPU.ActiveCfg = Debug|Any CPU
		{82487A2C-ADE1-4FDB-A204-2931560A8CC1}.Debug|Any CPU.Build.0 = Debug|Any CPU
		{82487A2C-ADE1-4FDB-A204-2931560A8CC1}.Release|Any CPU.ActiveCfg = Release|Any CPU
		{82487A2C-ADE1-4FDB-A204-2931560A8CC1}.Release|Any CPU.Build.0 = Release|Any CPU
		{5642531E-1DF4-48FA-957D-2CF6B2C01A56}.Debug|Any CPU.ActiveCfg = Debug|Any CPU
		{5642531E-1DF4-48FA-957D-2CF6B2C01A56}.Debug|Any CPU.Build.0 = Debug|Any CPU
		{5642531E-1DF4-48FA-957D-2CF6B2C01A56}.Release|Any CPU.ActiveCfg = Release|Any CPU
		{5642531E-1DF4-48FA-957D-2CF6B2C01A56}.Release|Any CPU.Build.0 = Release|Any CPU
	EndGlobalSection
	GlobalSection(SolutionProperties) = preSolution
		HideSolutionNode = FALSE
	EndGlobalSection
	GlobalSection(ExtensibilityGlobals) = postSolution
		SolutionGuid = {4AC49099-69D1-4681-A744-5860BD6327FA}
	EndGlobalSection
EndGlobal
